
Microsoft Visual Studio Solution File, Format Version 11.00
# Visual Studio 2010
Project("{FAE04EC0-301F-11D3-BF4B-00C04F79EFBC}") = "Assembly-CSharp", "Assembly-CSharp.csproj", "{9c8b6964-e405-e58c-4a55-499b62c9b1fe}"
EndProject
Project("{FAE04EC0-301F-11D3-BF4B-00C04F79EFBC}") = "Assembly-CSharp-Editor", "Assembly-CSharp-Editor.csproj", "{c0efb15d-c450-1398-e825-d1f2cf421809}"
EndProject
Global
	GlobalSection(SolutionConfigurationPlatforms) = preSolution
		Debug|Any CPU = Debug|Any CPU
	EndGlobalSection
	GlobalSection(ProjectConfigurationPlatforms) = postSolution
		{9c8b6964-e405-e58c-4a55-499b62c9b1fe}.Debug|Any CPU.ActiveCfg = Debug|Any CPU
		{9c8b6964-e405-e58c-4a55-499b62c9b1fe}.Debug|Any CPU.Build.0 = Debug|Any CPU
		{c0efb15d-c450-1398-e825-d1f2cf421809}.Debug|Any CPU.ActiveCfg = Debug|Any CPU
		{c0efb15d-c450-1398-e825-d1f2cf421809}.Debug|Any CPU.Build.0 = Debug|Any CPU
	EndGlobalSection
	GlobalSection(SolutionProperties) = preSolution
		HideSolutionNode = FALSE
	EndGlobalSection
EndGlobal
